
Microsoft Visual Studio Solution File, Format Version 12.00
# Visual Studio 15
VisualStudioVersion = 15.0.27703.2042
MinimumVisualStudioVersion = 10.0.40219.1
Project("{FAE04EC0-301F-11D3-BF4B-00C04F79EFBC}") = "Dia_5", "Dia_5\Dia_5.csproj", "{262C350C-E6F5-49BA-A7F5-6A2C5CEB73CF}"
EndProject
Global
	GlobalSection(SolutionConfigurationPlatforms) = preSolution
		Debug|Any CPU = Debug|Any CPU
		Release|Any CPU = Release|Any CPU
	EndGlobalSection
	GlobalSection(ProjectConfigurationPlatforms) = postSolution
		{262C350C-E6F5-49BA-A7F5-6A2C5CEB73CF}.Debug|Any CPU.ActiveCfg = Debug|Any CPU
		{262C350C-E6F5-49BA-A7F5-6A2C5CEB73CF}.Debug|Any CPU.Build.0 = Debug|Any CPU
		{262C350C-E6F5-49BA-A7F5-6A2C5CEB73CF}.Release|Any CPU.ActiveCfg = Release|Any CPU
		{262C350C-E6F5-49BA-A7F5-6A2C5CEB73CF}.Release|Any CPU.Build.0 = Release|Any CPU
	EndGlobalSection
	GlobalSection(SolutionProperties) = preSolution
		HideSolutionNode = FALSE
	EndGlobalSection
	GlobalSection(ExtensibilityGlobals) = postSolution
		SolutionGuid = {908AF2CB-5B1E-4E3B-81C3-0CB27446B790}
	EndGlobalSection
EndGlobal
